
Microsoft Visual Studio Solution File, Format Version 12.00
# Visual Studio Version 16
VisualStudioVersion = 16.0.31402.337
MinimumVisualStudioVersion = 10.0.40219.1
Project("{FAE04EC0-301F-11D3-BF4B-00C04F79EFBC}") = "SimplePdfCreation", "SimplePdfCreation\SimplePdfCreation.csproj", "{421B09BE-F596-4B28-AEB2-FCE7AC7B0A01}"
EndProject
Global
	GlobalSection(SolutionConfigurationPlatforms) = preSolution
		Debug|Any CPU = Debug|Any CPU
		Release|Any CPU = Release|Any CPU
	EndGlobalSection
	GlobalSection(ProjectConfigurationPlatforms) = postSolution
		{421B09BE-F596-4B28-AEB2-FCE7AC7B0A01}.Debug|Any CPU.ActiveCfg = Debug|Any CPU
		{421B09BE-F596-4B28-AEB2-FCE7AC7B0A01}.Debug|Any CPU.Build.0 = Debug|Any CPU
		{421B09BE-F596-4B28-AEB2-FCE7AC7B0A01}.Release|Any CPU.ActiveCfg = Release|Any CPU
		{421B09BE-F596-4B28-AEB2-FCE7AC7B0A01}.Release|Any CPU.Build.0 = Release|Any CPU
	EndGlobalSection
	GlobalSection(SolutionProperties) = preSolution
		HideSolutionNode = FALSE
	EndGlobalSection
	GlobalSection(ExtensibilityGlobals) = postSolution
		SolutionGuid = {4C8A89A7-A6CC-4A6F-A06B-3223CAF7DA9E}
	EndGlobalSection
EndGlobal
